// !$*UTF8*$!
{
	archiveVersion = 1;
	classes = {
	};
	objectVersion = 50;
	objects = {

/* Begin PBXBuildFile section */
		D76C6EDD28AED42400742151 /* IPSME_MsgEnv.m in Sources */ = {isa = PBXBuildFile; fileRef = D76C6EDA28AED42400742151 /* IPSME_MsgEnv.m */; };
		D76C6EE128AED71500742151 /* msg_cache-dedup.cpp in Sources */ = {isa = PBXBuildFile; fileRef = D76C6EE028AED71500742151 /* msg_cache-dedup.cpp */; };
		D7B49FC0271D71C2002E6966 /* main.mm in Sources */ = {isa = PBXBuildFile; fileRef = D7B49FBF271D71C2002E6966 /* main.mm */; };
/* End PBXBuildFile section */

/* Begin PBXCopyFilesBuildPhase section */
		D7B49FBA271D71C2002E6966 /* CopyFiles */ = {
			isa = PBXCopyFilesBuildPhase;
			buildActionMask = 2147483647;
			dstPath = /usr/share/man/man1/;
			dstSubfolderSpec = 0;
			files = (
			);
			runOnlyForDeploymentPostprocessing = 1;
		};
/* End PBXCopyFilesBuildPhase section */

/* Begin PBXFileReference section */
		D76C6EDA28AED42400742151 /* IPSME_MsgEnv.m */ = {isa = PBXFileReference; fileEncoding = 4; lastKnownFileType = sourcecode.c.objc; path = IPSME_MsgEnv.m; sourceTree = "<group>"; };
		D76C6EDC28AED42400742151 /* IPSME_MsgEnv.h */ = {isa = PBXFileReference; fileEncoding = 4; lastKnownFileType = sourcecode.c.h; path = IPSME_MsgEnv.h; sourceTree = "<group>"; };
		D76C6EDF28AED71500742151 /* msg_cache-dedup.h */ = {isa = PBXFileReference; fileEncoding = 4; lastKnownFileType = sourcecode.c.h; path = "msg_cache-dedup.h"; sourceTree = "<group>"; };
		D76C6EE028AED71500742151 /* msg_cache-dedup.cpp */ = {isa = PBXFileReference; fileEncoding = 4; lastKnownFileType = sourcecode.cpp.cpp; path = "msg_cache-dedup.cpp"; sourceTree = "<group>"; };
		D7B49FBC271D71C2002E6966 /* objc-nativews */ = {isa = PBXFileReference; explicitFileType = "compiled.mach-o.executable"; includeInIndex = 0; path = "objc-nativews"; sourceTree = BUILT_PRODUCTS_DIR; };
		D7B49FBF271D71C2002E6966 /* main.mm */ = {isa = PBXFileReference; lastKnownFileType = sourcecode.cpp.objcpp; path = main.mm; sourceTree = "<group>"; };
/* End PBXFileReference section */

/* Begin PBXFrameworksBuildPhase section */
		D7B49FB9271D71C2002E6966 /* Frameworks */ = {
			isa = PBXFrameworksBuildPhase;
			buildActionMask = 2147483647;
			files = (
			);
			runOnlyForDeploymentPostprocessing = 0;
		};
/* End PBXFrameworksBuildPhase section */

/* Begin PBXGroup section */
		D76C6ED928AED42400742151 /* objc-msgenv-NSDNC.git */ = {
			isa = PBXGroup;
			children = (
				D76C6EDA28AED42400742151 /* IPSME_MsgEnv.m */,
				D76C6EDC28AED42400742151 /* IPSME_MsgEnv.h */,
			);
			path = "objc-msgenv-NSDNC.git";
			sourceTree = "<group>";
		};
		D76C6EDE28AED71500742151 /* cpp-msg_cache-dedup.git */ = {
			isa = PBXGroup;
			children = (
				D76C6EDF28AED71500742151 /* msg_cache-dedup.h */,
				D76C6EE028AED71500742151 /* msg_cache-dedup.cpp */,
			);
			path = "cpp-msg_cache-dedup.git";
			sourceTree = "<group>";
		};
		D7B49FB3271D71C2002E6966 = {
			isa = PBXGroup;
			children = (
				D76C6EDE28AED71500742151 /* cpp-msg_cache-dedup.git */,
				D76C6ED928AED42400742151 /* objc-msgenv-NSDNC.git */,
				D7B49FBE271D71C2002E6966 /* objc-nativews */,
				D7B49FBD271D71C2002E6966 /* Products */,
			);
			sourceTree = "<group>";
		};
		D7B49FBD271D71C2002E6966 /* Products */ = {
			isa = PBXGroup;
			children = (
				D7B49FBC271D71C2002E6966 /* objc-nativews */,
			);
			name = Products;
			sourceTree = "<group>";
		};
		D7B49FBE271D71C2002E6966 /* objc-nativews */ = {
			isa = PBXGroup;
			children = (
				D7B49FBF271D71C2002E6966 /* main.mm */,
			);
			path = "objc-nativews";
			sourceTree = "<group>";
		};
/* End PBXGroup section */

/* Begin PBXNativeTarget section */
		D7B49FBB271D71C2002E6966 /* objc-nativews */ = {
			isa = PBXNativeTarget;
			buildConfigurationList = D7B49FC3271D71C2002E6966 /* Build configuration list for PBXNativeTarget "objc-nativews" */;
			buildPhases = (
				D7B49FB8271D71C2002E6966 /* Sources */,
				D7B49FB9271D71C2002E6966 /* Frameworks */,
				D7B49FBA271D71C2002E6966 /* CopyFiles */,
			);
			buildRules = (
			);
			dependencies = (
			);
			name = "objc-nativews";
			productName = "objc-nativews";
			productReference = D7B49FBC271D71C2002E6966 /* objc-nativews */;
			productType = "com.apple.product-type.tool";
		};
/* End PBXNativeTarget section */

/* Begin PBXProject section */
		D7B49FB4271D71C2002E6966 /* Project object */ = {
			isa = PBXProject;
			attributes = {
				LastUpgradeCheck = 1340;
				ORGANIZATIONNAME = "Root Interface";
				TargetAttributes = {
					D7B49FBB271D71C2002E6966 = {
						CreatedOnToolsVersion = 10.3;
					};
				};
			};
			buildConfigurationList = D7B49FB7271D71C2002E6966 /* Build configuration list for PBXProject "objc-nativews" */;
			compatibilityVersion = "Xcode 9.3";
			developmentRegion = en;
			hasScannedForEncodings = 0;
			knownRegions = (
				en,
				Base,
			);
			mainGroup = D7B49FB3271D71C2002E6966;
			productRefGroup = D7B49FBD271D71C2002E6966 /* Products */;
			projectDirPath = "";
			projectRoot = "";
			targets = (
				D7B49FBB271D71C2002E6966 /* objc-nativews */,
			);
		};
/* End PBXProject section */

/* Begin PBXSourcesBuildPhase section */
		D7B49FB8271D71C2002E6966 /* Sources */ = {
			isa = PBXSourcesBuildPhase;
			buildActionMask = 2147483647;
			files = (
				D76C6EDD28AED42400742151 /* IPSME_MsgEnv.m in Sources */,
				D76C6EE128AED71500742151 /* msg_cache-dedup.cpp in Sources */,
				D7B49FC0271D71C2002E6966 /* main.mm in Sources */,
			);
			runOnlyForDeploymentPostprocessing = 0;
		};
/* End PBXSourcesBuildPhase section */

/* Begin XCBuildConfiguration section */
		D7B49FC1271D71C2002E6966 /* Debug */ = {
			isa = XCBuildConfiguration;
			buildSettings = {
				ALWAYS_SEARCH_USER_PATHS = NO;
				CLANG_ANALYZER_NONNULL = YES;
				CLANG_ANALYZER_NUMBER_OBJECT_CONVERSION = YES_AGGRESSIVE;
				CLANG_CXX_LANGUAGE_STANDARD = "c++17";
				CLANG_CXX_LIBRARY = "libc++";
				CLANG_ENABLE_MODULES = YES;
				CLANG_ENABLE_OBJC_ARC = YES;
				CLANG_ENABLE_OBJC_WEAK = YES;
				CLANG_WARN_BLOCK_CAPTURE_AUTORELEASING = YES;
				CLANG_WARN_BOOL_CONVERSION = YES;
				CLANG_WARN_COMMA = YES;
				CLANG_WARN_CONSTANT_CONVERSION = YES;
				CLANG_WARN_DEPRECATED_OBJC_IMPLEMENTATIONS = YES;
				CLANG_WARN_DIRECT_OBJC_ISA_USAGE = YES_ERROR;
				CLANG_WARN_DOCUMENTATION_COMMENTS = YES;
				CLANG_WARN_EMPTY_BODY = YES;
				CLANG_WARN_ENUM_CONVERSION = YES;
				CLANG_WARN_INFINITE_RECURSION = YES;
				CLANG_WARN_INT_CONVERSION = YES;
				CLANG_WARN_NON_LITERAL_NULL_CONVERSION = YES;
				CLANG_WARN_OBJC_IMPLICIT_RETAIN_SELF = YES;
				CLANG_WARN_OBJC_LITERAL_CONVERSION = YES;
				CLANG_WARN_OBJC_ROOT_CLASS = YES_ERROR;
				CLANG_WARN_QUOTED_INCLUDE_IN_FRAMEWORK_HEADER = YES;
				CLANG_WARN_RANGE_LOOP_ANALYSIS = YES;
				CLANG_WARN_STRICT_PROTOTYPES = YES;
				CLANG_WARN_SUSPICIOUS_MOVE = YES;
				CLANG_WARN_UNGUARDED_AVAILABILITY = YES_AGGRESSIVE;
				CLANG_WARN_UNREACHABLE_CODE = YES;
				CLANG_WARN__DUPLICATE_METHOD_MATCH = YES;
				CODE_SIGN_IDENTITY = "-";
				COPY_PHASE_STRIP = NO;
				DEBUG_INFORMATION_FORMAT = dwarf;
				ENABLE_STRICT_OBJC_MSGSEND = YES;
				ENABLE_TESTABILITY = YES;
				GCC_C_LANGUAGE_STANDARD = gnu11;
				GCC_DYNAMIC_NO_PIC = NO;
				GCC_NO_COMMON_BLOCKS = YES;
				GCC_OPTIMIZATION_LEVEL = 0;
				GCC_PREPROCESSOR_DEFINITIONS = (
					"DEBUG=1",
					"$(inherited)",
				);
				GCC_WARN_64_TO_32_BIT_CONVERSION = YES;
				GCC_WARN_ABOUT_RETURN_TYPE = YES_ERROR;
				GCC_WARN_UNDECLARED_SELECTOR = YES;
				GCC_WARN_UNINITIALIZED_AUTOS = YES_AGGRESSIVE;
				GCC_WARN_UNUSED_FUNCTION = YES;
				GCC_WARN_UNUSED_VARIABLE = YES;
				HEADER_SEARCH_PATHS = (
					"$(SRCROOT)/websocketpp/",
					"$(SRCROOT)/asio-1.20.0/include",
				);
				MACOSX_DEPLOYMENT_TARGET = 10.14;
				MTL_ENABLE_DEBUG_INFO = INCLUDE_SOURCE;
				MTL_FAST_MATH = YES;
				ONLY_ACTIVE_ARCH = YES;
				SDKROOT = macosx;
			};
			name = Debug;
		};
		D7B49FC2271D71C2002E6966 /* Release */ = {
			isa = XCBuildConfiguration;
			buildSettings = {
				ALWAYS_SEARCH_USER_PATHS = NO;
				CLANG_ANALYZER_NONNULL = YES;
				CLANG_ANALYZER_NUMBER_OBJECT_CONVERSION = YES_AGGRESSIVE;
				CLANG_CXX_LANGUAGE_STANDARD = "c++17";
				CLANG_CXX_LIBRARY = "libc++";
				CLANG_ENABLE_MODULES = YES;
				CLANG_ENABLE_OBJC_ARC = YES;
				CLANG_ENABLE_OBJC_WEAK = YES;
				CLANG_WARN_BLOCK_CAPTURE_AUTORELEASING = YES;
				CLANG_WARN_BOOL_CONVERSION = YES;
				CLANG_WARN_COMMA = YES;
				CLANG_WARN_CONSTANT_CONVERSION = YES;
				CLANG_WARN_DEPRECATED_OBJC_IMPLEMENTATIONS = YES;
				CLANG_WARN_DIRECT_OBJC_ISA_USAGE = YES_ERROR;
				CLANG_WARN_DOCUMENTATION_COMMENTS = YES;
				CLANG_WARN_EMPTY_BODY = YES;
				CLANG_WARN_ENUM_CONVERSION = YES;
				CLANG_WARN_INFINITE_RECURSION = YES;
				CLANG_WARN_INT_CONVERSION = YES;
				CLANG_WARN_NON_LITERAL_NULL_CONVERSION = YES;
				CLANG_WARN_OBJC_IMPLICIT_RETAIN_SELF = YES;
				CLANG_WARN_OBJC_LITERAL_CONVERSION = YES;
				CLANG_WARN_OBJC_ROOT_CLASS = YES_ERROR;
				CLANG_WARN_QUOTED_INCLUDE_IN_FRAMEWORK_HEADER = YES;
				CLANG_WARN_RANGE_LOOP_ANALYSIS = YES;
				CLANG_WARN_STRICT_PROTOTYPES = YES;
				CLANG_WARN_SUSPICIOUS_MOVE = YES;
				CLANG_WARN_UNGUARDED_AVAILABILITY = YES_AGGRESSIVE;
				CLANG_WARN_UNREACHABLE_CODE = YES;
				CLANG_WARN__DUPLICATE_METHOD_MATCH = YES;
				CODE_SIGN_IDENTITY = "-";
				COPY_PHASE_STRIP = NO;
				DEBUG_INFORMATION_FORMAT = "dwarf-with-dsym";
				ENABLE_NS_ASSERTIONS = NO;
				ENABLE_STRICT_OBJC_MSGSEND = YES;
				GCC_C_LANGUAGE_STANDARD = gnu11;
				GCC_NO_COMMON_BLOCKS = YES;
				GCC_WARN_64_TO_32_BIT_CONVERSION = YES;
				GCC_WARN_ABOUT_RETURN_TYPE = YES_ERROR;
				GCC_WARN_UNDECLARED_SELECTOR = YES;
				GCC_WARN_UNINITIALIZED_AUTOS = YES_AGGRESSIVE;
				GCC_WARN_UNUSED_FUNCTION = YES;
				GCC_WARN_UNUSED_VARIABLE = YES;
				HEADER_SEARCH_PATHS = (
					"$(SRCROOT)/websocketpp/",
					"$(SRCROOT)/asio-1.20.0/include",
				);
				MACOSX_DEPLOYMENT_TARGET = 10.14;
				MTL_ENABLE_DEBUG_INFO = NO;
				MTL_FAST_MATH = YES;
				SDKROOT = macosx;
			};
			name = Release;
		};
		D7B49FC4271D71C2002E6966 /* Debug */ = {
			isa = XCBuildConfiguration;
			buildSettings = {
				CODE_SIGN_IDENTITY = "-";
				CODE_SIGN_STYLE = Automatic;
				PRODUCT_NAME = "$(TARGET_NAME)";
			};
			name = Debug;
		};
		D7B49FC5271D71C2002E6966 /* Release */ = {
			isa = XCBuildConfiguration;
			buildSettings = {
				CODE_SIGN_IDENTITY = "-";
				CODE_SIGN_STYLE = Automatic;
				PRODUCT_NAME = "$(TARGET_NAME)";
			};
			name = Release;
		};
/* End XCBuildConfiguration section */

/* Begin XCConfigurationList section */
		D7B49FB7271D71C2002E6966 /* Build configuration list for PBXProject "objc-nativews" */ = {
			isa = XCConfigurationList;
			buildConfigurations = (
				D7B49FC1271D71C2002E6966 /* Debug */,
				D7B49FC2271D71C2002E6966 /* Release */,
			);
			defaultConfigurationIsVisible = 0;
			defaultConfigurationName = Release;
		};
		D7B49FC3271D71C2002E6966 /* Build configuration list for PBXNativeTarget "objc-nativews" */ = {
			isa = XCConfigurationList;
			buildConfigurations = (
				D7B49FC4271D71C2002E6966 /* Debug */,
				D7B49FC5271D71C2002E6966 /* Release */,
			);
			defaultConfigurationIsVisible = 0;
			defaultConfigurationName = Release;
		};
/* End XCConfigurationList section */
	};
	rootObject = D7B49FB4271D71C2002E6966 /* Project object */;
}
